
Microsoft Visual Studio Solution File, Format Version 12.00
# Visual Studio 15
VisualStudioVersion = 15.0.27004.2009
MinimumVisualStudioVersion = 10.0.40219.1
Project("{FAE04EC0-301F-11D3-BF4B-00C04F79EFBC}") = "Opgave 7", "Opgave 7\Opgave 7.csproj", "{62014999-295F-43B5-8B71-C14A8B7952CE}"
EndProject
Global
	GlobalSection(SolutionConfigurationPlatforms) = preSolution
		Debug|Any CPU = Debug|Any CPU
		Release|Any CPU = Release|Any CPU
	EndGlobalSection
	GlobalSection(ProjectConfigurationPlatforms) = postSolution
		{62014999-295F-43B5-8B71-C14A8B7952CE}.Debug|Any CPU.ActiveCfg = Debug|Any CPU
		{62014999-295F-43B5-8B71-C14A8B7952CE}.Debug|Any CPU.Build.0 = Debug|Any CPU
		{62014999-295F-43B5-8B71-C14A8B7952CE}.Release|Any CPU.ActiveCfg = Release|Any CPU
		{62014999-295F-43B5-8B71-C14A8B7952CE}.Release|Any CPU.Build.0 = Release|Any CPU
	EndGlobalSection
	GlobalSection(SolutionProperties) = preSolution
		HideSolutionNode = FALSE
	EndGlobalSection
	GlobalSection(ExtensibilityGlobals) = postSolution
		SolutionGuid = {1346CB4B-F65F-486E-B669-0A26C7DCCCAD}
	EndGlobalSection
EndGlobal
